// !$*UTF8*$!
{
	archiveVersion = 1;
	classes = {
	};
	objectVersion = 56;
	objects = {

/* Begin PBXBuildFile section */
		ED2711162AD845B90099407D /* AppDelegate.swift in Sources */ = {isa = PBXBuildFile; fileRef = ED2711152AD845B90099407D /* AppDelegate.swift */; };
		ED2711182AD845B90099407D /* SceneDelegate.swift in Sources */ = {isa = PBXBuildFile; fileRef = ED2711172AD845B90099407D /* SceneDelegate.swift */; };
		ED27111A2AD845B90099407D /* ViewController.swift in Sources */ = {isa = PBXBuildFile; fileRef = ED2711192AD845B90099407D /* ViewController.swift */; };
		ED27111D2AD845B90099407D /* Main.storyboard in Resources */ = {isa = PBXBuildFile; fileRef = ED27111B2AD845B90099407D /* Main.storyboard */; };
		ED2711202AD845B90099407D /* VTB_App.xcdatamodeld in Sources */ = {isa = PBXBuildFile; fileRef = ED27111E2AD845B90099407D /* VTB_App.xcdatamodeld */; };
		ED2711222AD845BB0099407D /* Assets.xcassets in Resources */ = {isa = PBXBuildFile; fileRef = ED2711212AD845BB0099407D /* Assets.xcassets */; };
		ED2711252AD845BC0099407D /* LaunchScreen.storyboard in Resources */ = {isa = PBXBuildFile; fileRef = ED2711232AD845BC0099407D /* LaunchScreen.storyboard */; };
		ED27112F2AD85E620099407D /* MapViewController.swift in Sources */ = {isa = PBXBuildFile; fileRef = ED27112E2AD85E620099407D /* MapViewController.swift */; };
		ED2711332AD86E300099407D /* BankBranch.swift in Sources */ = {isa = PBXBuildFile; fileRef = ED2711322AD86E300099407D /* BankBranch.swift */; };
		ED2711352AD8701E0099407D /* ModelBankBranch.swift in Sources */ = {isa = PBXBuildFile; fileRef = ED2711342AD8701E0099407D /* ModelBankBranch.swift */; };
		ED2711382AD8835C0099407D /* Mask group.png in Resources */ = {isa = PBXBuildFile; fileRef = ED2711372AD8835B0099407D /* Mask group.png */; };
		ED27113A2AD884D90099407D /* VTB_mark.png in Resources */ = {isa = PBXBuildFile; fileRef = ED2711392AD884D90099407D /* VTB_mark.png */; };
		ED2711472AD9541A0099407D /* SheetViewController.swift in Sources */ = {isa = PBXBuildFile; fileRef = ED2711462AD9541A0099407D /* SheetViewController.swift */; };
		ED27114D2AD957950099407D /* BankInfo.storyboard in Resources */ = {isa = PBXBuildFile; fileRef = ED27114C2AD957950099407D /* BankInfo.storyboard */; };
		ED8B4C6D2AD9B335004BF730 /* TableViewController.swift in Sources */ = {isa = PBXBuildFile; fileRef = ED8B4C6C2AD9B335004BF730 /* TableViewController.swift */; };
		ED8B4C722AD9C062004BF730 /* BankTableViewCell.swift in Sources */ = {isa = PBXBuildFile; fileRef = ED8B4C702AD9C062004BF730 /* BankTableViewCell.swift */; };
		ED8B4C732AD9C062004BF730 /* BankTableViewCell.xib in Resources */ = {isa = PBXBuildFile; fileRef = ED8B4C712AD9C062004BF730 /* BankTableViewCell.xib */; };
		ED8B4C752ADADA28004BF730 /* ProfileViewController.swift in Sources */ = {isa = PBXBuildFile; fileRef = ED8B4C742ADADA28004BF730 /* ProfileViewController.swift */; };
/* End PBXBuildFile section */

/* Begin PBXFileReference section */
		ED2711122AD845B90099407D /* VTB_App.app */ = {isa = PBXFileReference; explicitFileType = wrapper.application; includeInIndex = 0; path = VTB_App.app; sourceTree = BUILT_PRODUCTS_DIR; };
		ED2711152AD845B90099407D /* AppDelegate.swift */ = {isa = PBXFileReference; lastKnownFileType = sourcecode.swift; path = AppDelegate.swift; sourceTree = "<group>"; };
		ED2711172AD845B90099407D /* SceneDelegate.swift */ = {isa = PBXFileReference; lastKnownFileType = sourcecode.swift; path = SceneDelegate.swift; sourceTree = "<group>"; };
		ED2711192AD845B90099407D /* ViewController.swift */ = {isa = PBXFileReference; lastKnownFileType = sourcecode.swift; path = ViewController.swift; sourceTree = "<group>"; };
		ED27111C2AD845B90099407D /* Base */ = {isa = PBXFileReference; lastKnownFileType = file.storyboard; name = Base; path = Base.lproj/Main.storyboard; sourceTree = "<group>"; };
		ED27111F2AD845B90099407D /* VTB_App.xcdatamodel */ = {isa = PBXFileReference; lastKnownFileType = wrapper.xcdatamodel; path = VTB_App.xcdatamodel; sourceTree = "<group>"; };
		ED2711212AD845BB0099407D /* Assets.xcassets */ = {isa = PBXFileReference; lastKnownFileType = folder.assetcatalog; path = Assets.xcassets; sourceTree = "<group>"; };
		ED2711242AD845BC0099407D /* Base */ = {isa = PBXFileReference; lastKnownFileType = file.storyboard; name = Base; path = Base.lproj/LaunchScreen.storyboard; sourceTree = "<group>"; };
		ED2711262AD845BC0099407D /* Info.plist */ = {isa = PBXFileReference; lastKnownFileType = text.plist.xml; path = Info.plist; sourceTree = "<group>"; };
		ED27112E2AD85E620099407D /* MapViewController.swift */ = {isa = PBXFileReference; lastKnownFileType = sourcecode.swift; path = MapViewController.swift; sourceTree = "<group>"; };
		ED2711322AD86E300099407D /* BankBranch.swift */ = {isa = PBXFileReference; lastKnownFileType = sourcecode.swift; path = BankBranch.swift; sourceTree = "<group>"; };
		ED2711342AD8701E0099407D /* ModelBankBranch.swift */ = {isa = PBXFileReference; lastKnownFileType = sourcecode.swift; path = ModelBankBranch.swift; sourceTree = "<group>"; };
		ED2711372AD8835B0099407D /* Mask group.png */ = {isa = PBXFileReference; lastKnownFileType = image.png; name = "Mask group.png"; path = "../../../../../../../Desktop/Mask group.png"; sourceTree = "<group>"; };
		ED2711392AD884D90099407D /* VTB_mark.png */ = {isa = PBXFileReference; lastKnownFileType = image.png; name = VTB_mark.png; path = ../../../../../../../Desktop/VTB_mark.png; sourceTree = "<group>"; };
		ED2711462AD9541A0099407D /* SheetViewController.swift */ = {isa = PBXFileReference; lastKnownFileType = sourcecode.swift; path = SheetViewController.swift; sourceTree = "<group>"; };
		ED27114C2AD957950099407D /* BankInfo.storyboard */ = {isa = PBXFileReference; lastKnownFileType = file.storyboard; path = BankInfo.storyboard; sourceTree = "<group>"; };
		ED8B4C6C2AD9B335004BF730 /* TableViewController.swift */ = {isa = PBXFileReference; lastKnownFileType = sourcecode.swift; path = TableViewController.swift; sourceTree = "<group>"; };
		ED8B4C702AD9C062004BF730 /* BankTableViewCell.swift */ = {isa = PBXFileReference; lastKnownFileType = sourcecode.swift; path = BankTableViewCell.swift; sourceTree = "<group>"; };
		ED8B4C712AD9C062004BF730 /* BankTableViewCell.xib */ = {isa = PBXFileReference; lastKnownFileType = file.xib; path = BankTableViewCell.xib; sourceTree = "<group>"; };
		ED8B4C742ADADA28004BF730 /* ProfileViewController.swift */ = {isa = PBXFileReference; lastKnownFileType = sourcecode.swift; path = ProfileViewController.swift; sourceTree = "<group>"; };
/* End PBXFileReference section */

/* Begin PBXFrameworksBuildPhase section */
		ED27110F2AD845B90099407D /* Frameworks */ = {
			isa = PBXFrameworksBuildPhase;
			buildActionMask = 2147483647;
			files = (
			);
			runOnlyForDeploymentPostprocessing = 0;
		};
/* End PBXFrameworksBuildPhase section */

/* Begin PBXGroup section */
		ED2711092AD845B90099407D = {
			isa = PBXGroup;
			children = (
				ED2711142AD845B90099407D /* VTB_App */,
				ED2711132AD845B90099407D /* Products */,
			);
			sourceTree = "<group>";
		};
		ED2711132AD845B90099407D /* Products */ = {
			isa = PBXGroup;
			children = (
				ED2711122AD845B90099407D /* VTB_App.app */,
			);
			name = Products;
			sourceTree = "<group>";
		};
		ED2711142AD845B90099407D /* VTB_App */ = {
			isa = PBXGroup;
			children = (
				ED2711362AD883300099407D /* Image */,
				ED2711312AD8605D0099407D /* ViewController */,
				ED2711152AD845B90099407D /* AppDelegate.swift */,
				ED2711172AD845B90099407D /* SceneDelegate.swift */,
				ED2711192AD845B90099407D /* ViewController.swift */,
				ED27114C2AD957950099407D /* BankInfo.storyboard */,
				ED27111B2AD845B90099407D /* Main.storyboard */,
				ED2711212AD845BB0099407D /* Assets.xcassets */,
				ED2711232AD845BC0099407D /* LaunchScreen.storyboard */,
				ED2711262AD845BC0099407D /* Info.plist */,
				ED27111E2AD845B90099407D /* VTB_App.xcdatamodeld */,
				ED2711322AD86E300099407D /* BankBranch.swift */,
				ED2711342AD8701E0099407D /* ModelBankBranch.swift */,
			);
			path = VTB_App;
			sourceTree = "<group>";
		};
		ED2711312AD8605D0099407D /* ViewController */ = {
			isa = PBXGroup;
			children = (
				ED27112E2AD85E620099407D /* MapViewController.swift */,
				ED2711462AD9541A0099407D /* SheetViewController.swift */,
				ED8B4C6C2AD9B335004BF730 /* TableViewController.swift */,
				ED8B4C702AD9C062004BF730 /* BankTableViewCell.swift */,
				ED8B4C712AD9C062004BF730 /* BankTableViewCell.xib */,
				ED8B4C742ADADA28004BF730 /* ProfileViewController.swift */,
			);
			path = ViewController;
			sourceTree = "<group>";
		};
		ED2711362AD883300099407D /* Image */ = {
			isa = PBXGroup;
			children = (
				ED2711392AD884D90099407D /* VTB_mark.png */,
				ED2711372AD8835B0099407D /* Mask group.png */,
			);
			path = Image;
			sourceTree = "<group>";
		};
/* End PBXGroup section */

/* Begin PBXNativeTarget section */
		ED2711112AD845B90099407D /* VTB_App */ = {
			isa = PBXNativeTarget;
			buildConfigurationList = ED2711292AD845BC0099407D /* Build configuration list for PBXNativeTarget "VTB_App" */;
			buildPhases = (
				ED27110E2AD845B90099407D /* Sources */,
				ED27110F2AD845B90099407D /* Frameworks */,
				ED2711102AD845B90099407D /* Resources */,
			);
			buildRules = (
			);
			dependencies = (
			);
			name = VTB_App;
			productName = VTB_App;
			productReference = ED2711122AD845B90099407D /* VTB_App.app */;
			productType = "com.apple.product-type.application";
		};
/* End PBXNativeTarget section */

/* Begin PBXProject section */
		ED27110A2AD845B90099407D /* Project object */ = {
			isa = PBXProject;
			attributes = {
				BuildIndependentTargetsInParallel = 1;
				LastSwiftUpdateCheck = 1420;
				LastUpgradeCheck = 1420;
				TargetAttributes = {
					ED2711112AD845B90099407D = {
						CreatedOnToolsVersion = 14.2;
					};
				};
			};
			buildConfigurationList = ED27110D2AD845B90099407D /* Build configuration list for PBXProject "VTB_App" */;
			compatibilityVersion = "Xcode 14.0";
			developmentRegion = en;
			hasScannedForEncodings = 0;
			knownRegions = (
				en,
				Base,
			);
			mainGroup = ED2711092AD845B90099407D;
			packageReferences = (
				ED27113D2AD898F90099407D /* XCRemoteSwiftPackageReference "MapViewPlus" */,
			);
			productRefGroup = ED2711132AD845B90099407D /* Products */;
			projectDirPath = "";
			projectRoot = "";
			targets = (
				ED2711112AD845B90099407D /* VTB_App */,
			);
		};
/* End PBXProject section */

/* Begin PBXResourcesBuildPhase section */
		ED2711102AD845B90099407D /* Resources */ = {
			isa = PBXResourcesBuildPhase;
			buildActionMask = 2147483647;
			files = (
				ED8B4C732AD9C062004BF730 /* BankTableViewCell.xib in Resources */,
				ED2711252AD845BC0099407D /* LaunchScreen.storyboard in Resources */,
				ED2711222AD845BB0099407D /* Assets.xcassets in Resources */,
				ED27114D2AD957950099407D /* BankInfo.storyboard in Resources */,
				ED2711382AD8835C0099407D /* Mask group.png in Resources */,
				ED27113A2AD884D90099407D /* VTB_mark.png in Resources */,
				ED27111D2AD845B90099407D /* Main.storyboard in Resources */,
			);
			runOnlyForDeploymentPostprocessing = 0;
		};
/* End PBXResourcesBuildPhase section */

/* Begin PBXSourcesBuildPhase section */
		ED27110E2AD845B90099407D /* Sources */ = {
			isa = PBXSourcesBuildPhase;
			buildActionMask = 2147483647;
			files = (
				ED2711202AD845B90099407D /* VTB_App.xcdatamodeld in Sources */,
				ED27112F2AD85E620099407D /* MapViewController.swift in Sources */,
				ED27111A2AD845B90099407D /* ViewController.swift in Sources */,
				ED8B4C722AD9C062004BF730 /* BankTableViewCell.swift in Sources */,
				ED2711162AD845B90099407D /* AppDelegate.swift in Sources */,
				ED2711472AD9541A0099407D /* SheetViewController.swift in Sources */,
				ED8B4C752ADADA28004BF730 /* ProfileViewController.swift in Sources */,
				ED2711182AD845B90099407D /* SceneDelegate.swift in Sources */,
				ED2711332AD86E300099407D /* BankBranch.swift in Sources */,
				ED8B4C6D2AD9B335004BF730 /* TableViewController.swift in Sources */,
				ED2711352AD8701E0099407D /* ModelBankBranch.swift in Sources */,
			);
			runOnlyForDeploymentPostprocessing = 0;
		};
/* End PBXSourcesBuildPhase section */

/* Begin PBXVariantGroup section */
		ED27111B2AD845B90099407D /* Main.storyboard */ = {
			isa = PBXVariantGroup;
			children = (
				ED27111C2AD845B90099407D /* Base */,
			);
			name = Main.storyboard;
			sourceTree = "<group>";
		};
		ED2711232AD845BC0099407D /* LaunchScreen.storyboard */ = {
			isa = PBXVariantGroup;
			children = (
				ED2711242AD845BC0099407D /* Base */,
			);
			name = LaunchScreen.storyboard;
			sourceTree = "<group>";
		};
/* End PBXVariantGroup section */

/* Begin XCBuildConfiguration section */
		ED2711272AD845BC0099407D /* Debug */ = {
			isa = XCBuildConfiguration;
			buildSettings = {
				ALWAYS_SEARCH_USER_PATHS = NO;
				CLANG_ANALYZER_NONNULL = YES;
				CLANG_ANALYZER_NUMBER_OBJECT_CONVERSION = YES_AGGRESSIVE;
				CLANG_CXX_LANGUAGE_STANDARD = "gnu++20";
				CLANG_ENABLE_MODULES = YES;
				CLANG_ENABLE_OBJC_ARC = YES;
				CLANG_ENABLE_OBJC_WEAK = YES;
				CLANG_WARN_BLOCK_CAPTURE_AUTORELEASING = YES;
				CLANG_WARN_BOOL_CONVERSION = YES;
				CLANG_WARN_COMMA = YES;
				CLANG_WARN_CONSTANT_CONVERSION = YES;
				CLANG_WARN_DEPRECATED_OBJC_IMPLEMENTATIONS = YES;
				CLANG_WARN_DIRECT_OBJC_ISA_USAGE = YES_ERROR;
				CLANG_WARN_DOCUMENTATION_COMMENTS = YES;
				CLANG_WARN_EMPTY_BODY = YES;
				CLANG_WARN_ENUM_CONVERSION = YES;
				CLANG_WARN_INFINITE_RECURSION = YES;
				CLANG_WARN_INT_CONVERSION = YES;
				CLANG_WARN_NON_LITERAL_NULL_CONVERSION = YES;
				CLANG_WARN_OBJC_IMPLICIT_RETAIN_SELF = YES;
				CLANG_WARN_OBJC_LITERAL_CONVERSION = YES;
				CLANG_WARN_OBJC_ROOT_CLASS = YES_ERROR;
				CLANG_WARN_QUOTED_INCLUDE_IN_FRAMEWORK_HEADER = YES;
				CLANG_WARN_RANGE_LOOP_ANALYSIS = YES;
				CLANG_WARN_STRICT_PROTOTYPES = YES;
				CLANG_WARN_SUSPICIOUS_MOVE = YES;
				CLANG_WARN_UNGUARDED_AVAILABILITY = YES_AGGRESSIVE;
				CLANG_WARN_UNREACHABLE_CODE = YES;
				CLANG_WARN__DUPLICATE_METHOD_MATCH = YES;
				COPY_PHASE_STRIP = NO;
				DEBUG_INFORMATION_FORMAT = dwarf;
				ENABLE_STRICT_OBJC_MSGSEND = YES;
				ENABLE_TESTABILITY = YES;
				GCC_C_LANGUAGE_STANDARD = gnu11;
				GCC_DYNAMIC_NO_PIC = NO;
				GCC_NO_COMMON_BLOCKS = YES;
				GCC_OPTIMIZATION_LEVEL = 0;
				GCC_PREPROCESSOR_DEFINITIONS = (
					"DEBUG=1",
					"$(inherited)",
				);
				GCC_WARN_64_TO_32_BIT_CONVERSION = YES;
				GCC_WARN_ABOUT_RETURN_TYPE = YES_ERROR;
				GCC_WARN_UNDECLARED_SELECTOR = YES;
				GCC_WARN_UNINITIALIZED_AUTOS = YES_AGGRESSIVE;
				GCC_WARN_UNUSED_FUNCTION = YES;
				GCC_WARN_UNUSED_VARIABLE = YES;
				IPHONEOS_DEPLOYMENT_TARGET = 16.2;
				MTL_ENABLE_DEBUG_INFO = INCLUDE_SOURCE;
				MTL_FAST_MATH = YES;
				ONLY_ACTIVE_ARCH = YES;
				SDKROOT = iphoneos;
				SWIFT_ACTIVE_COMPILATION_CONDITIONS = DEBUG;
				SWIFT_OPTIMIZATION_LEVEL = "-Onone";
			};
			name = Debug;
		};
		ED2711282AD845BC0099407D /* Release */ = {
			isa = XCBuildConfiguration;
			buildSettings = {
				ALWAYS_SEARCH_USER_PATHS = NO;
				CLANG_ANALYZER_NONNULL = YES;
				CLANG_ANALYZER_NUMBER_OBJECT_CONVERSION = YES_AGGRESSIVE;
				CLANG_CXX_LANGUAGE_STANDARD = "gnu++20";
				CLANG_ENABLE_MODULES = YES;
				CLANG_ENABLE_OBJC_ARC = YES;
				CLANG_ENABLE_OBJC_WEAK = YES;
				CLANG_WARN_BLOCK_CAPTURE_AUTORELEASING = YES;
				CLANG_WARN_BOOL_CONVERSION = YES;
				CLANG_WARN_COMMA = YES;
				CLANG_WARN_CONSTANT_CONVERSION = YES;
				CLANG_WARN_DEPRECATED_OBJC_IMPLEMENTATIONS = YES;
				CLANG_WARN_DIRECT_OBJC_ISA_USAGE = YES_ERROR;
				CLANG_WARN_DOCUMENTATION_COMMENTS = YES;
				CLANG_WARN_EMPTY_BODY = YES;
				CLANG_WARN_ENUM_CONVERSION = YES;
				CLANG_WARN_INFINITE_RECURSION = YES;
				CLANG_WARN_INT_CONVERSION = YES;
				CLANG_WARN_NON_LITERAL_NULL_CONVERSION = YES;
				CLANG_WARN_OBJC_IMPLICIT_RETAIN_SELF = YES;
				CLANG_WARN_OBJC_LITERAL_CONVERSION = YES;
				CLANG_WARN_OBJC_ROOT_CLASS = YES_ERROR;
				CLANG_WARN_QUOTED_INCLUDE_IN_FRAMEWORK_HEADER = YES;
				CLANG_WARN_RANGE_LOOP_ANALYSIS = YES;
				CLANG_WARN_STRICT_PROTOTYPES = YES;
				CLANG_WARN_SUSPICIOUS_MOVE = YES;
				CLANG_WARN_UNGUARDED_AVAILABILITY = YES_AGGRESSIVE;
				CLANG_WARN_UNREACHABLE_CODE = YES;
				CLANG_WARN__DUPLICATE_METHOD_MATCH = YES;
				COPY_PHASE_STRIP = NO;
				DEBUG_INFORMATION_FORMAT = "dwarf-with-dsym";
				ENABLE_NS_ASSERTIONS = NO;
				ENABLE_STRICT_OBJC_MSGSEND = YES;
				GCC_C_LANGUAGE_STANDARD = gnu11;
				GCC_NO_COMMON_BLOCKS = YES;
				GCC_WARN_64_TO_32_BIT_CONVERSION = YES;
				GCC_WARN_ABOUT_RETURN_TYPE = YES_ERROR;
				GCC_WARN_UNDECLARED_SELECTOR = YES;
				GCC_WARN_UNINITIALIZED_AUTOS = YES_AGGRESSIVE;
				GCC_WARN_UNUSED_FUNCTION = YES;
				GCC_WARN_UNUSED_VARIABLE = YES;
				IPHONEOS_DEPLOYMENT_TARGET = 16.2;
				MTL_ENABLE_DEBUG_INFO = NO;
				MTL_FAST_MATH = YES;
				SDKROOT = iphoneos;
				SWIFT_COMPILATION_MODE = wholemodule;
				SWIFT_OPTIMIZATION_LEVEL = "-O";
				VALIDATE_PRODUCT = YES;
			};
			name = Release;
		};
		ED27112A2AD845BC0099407D /* Debug */ = {
			isa = XCBuildConfiguration;
			buildSettings = {
				ASSETCATALOG_COMPILER_APPICON_NAME = AppIcon;
				ASSETCATALOG_COMPILER_GLOBAL_ACCENT_COLOR_NAME = AccentColor;
				CODE_SIGN_STYLE = Automatic;
				CURRENT_PROJECT_VERSION = 1;
				DEVELOPMENT_TEAM = TK57YHPV38;
				GENERATE_INFOPLIST_FILE = YES;
				INFOPLIST_FILE = VTB_App/Info.plist;
				INFOPLIST_KEY_UIApplicationSupportsIndirectInputEvents = YES;
				INFOPLIST_KEY_UILaunchStoryboardName = LaunchScreen;
				INFOPLIST_KEY_UIMainStoryboardFile = Main;
				INFOPLIST_KEY_UISupportedInterfaceOrientations_iPad = "UIInterfaceOrientationPortrait UIInterfaceOrientationPortraitUpsideDown UIInterfaceOrientationLandscapeLeft UIInterfaceOrientationLandscapeRight";
				INFOPLIST_KEY_UISupportedInterfaceOrientations_iPhone = "UIInterfaceOrientationPortrait UIInterfaceOrientationLandscapeLeft UIInterfaceOrientationLandscapeRight";
				LD_RUNPATH_SEARCH_PATHS = (
					"$(inherited)",
					"@executable_path/Frameworks",
				);
				MARKETING_VERSION = 1.0;
				PRODUCT_BUNDLE_IDENTIFIER = "ru.-ReapLanguage.VTB-App";
				PRODUCT_NAME = "$(TARGET_NAME)";
				SWIFT_EMIT_LOC_STRINGS = YES;
				SWIFT_VERSION = 5.0;
				TARGETED_DEVICE_FAMILY = "1,2";
			};
			name = Debug;
		};
		ED27112B2AD845BC0099407D /* Release */ = {
			isa = XCBuildConfiguration;
			buildSettings = {
				ASSETCATALOG_COMPILER_APPICON_NAME = AppIcon;
				ASSETCATALOG_COMPILER_GLOBAL_ACCENT_COLOR_NAME = AccentColor;
				CODE_SIGN_STYLE = Automatic;
				CURRENT_PROJECT_VERSION = 1;
				DEVELOPMENT_TEAM = TK57YHPV38;
				GENERATE_INFOPLIST_FILE = YES;
				INFOPLIST_FILE = VTB_App/Info.plist;
				INFOPLIST_KEY_UIApplicationSupportsIndirectInputEvents = YES;
				INFOPLIST_KEY_UILaunchStoryboardName = LaunchScreen;
				INFOPLIST_KEY_UIMainStoryboardFile = Main;
				INFOPLIST_KEY_UISupportedInterfaceOrientations_iPad = "UIInterfaceOrientationPortrait UIInterfaceOrientationPortraitUpsideDown UIInterfaceOrientationLandscapeLeft UIInterfaceOrientationLandscapeRight";
				INFOPLIST_KEY_UISupportedInterfaceOrientations_iPhone = "UIInterfaceOrientationPortrait UIInterfaceOrientationLandscapeLeft UIInterfaceOrientationLandscapeRight";
				LD_RUNPATH_SEARCH_PATHS = (
					"$(inherited)",
					"@executable_path/Frameworks",
				);
				MARKETING_VERSION = 1.0;
				PRODUCT_BUNDLE_IDENTIFIER = "ru.-ReapLanguage.VTB-App";
				PRODUCT_NAME = "$(TARGET_NAME)";
				SWIFT_EMIT_LOC_STRINGS = YES;
				SWIFT_VERSION = 5.0;
				TARGETED_DEVICE_FAMILY = "1,2";
			};
			name = Release;
		};
/* End XCBuildConfiguration section */

/* Begin XCConfigurationList section */
		ED27110D2AD845B90099407D /* Build configuration list for PBXProject "VTB_App" */ = {
			isa = XCConfigurationList;
			buildConfigurations = (
				ED2711272AD845BC0099407D /* Debug */,
				ED2711282AD845BC0099407D /* Release */,
			);
			defaultConfigurationIsVisible = 0;
			defaultConfigurationName = Release;
		};
		ED2711292AD845BC0099407D /* Build configuration list for PBXNativeTarget "VTB_App" */ = {
			isa = XCConfigurationList;
			buildConfigurations = (
				ED27112A2AD845BC0099407D /* Debug */,
				ED27112B2AD845BC0099407D /* Release */,
			);
			defaultConfigurationIsVisible = 0;
			defaultConfigurationName = Release;
		};
/* End XCConfigurationList section */

/* Begin XCRemoteSwiftPackageReference section */
		ED27113D2AD898F90099407D /* XCRemoteSwiftPackageReference "MapViewPlus" */ = {
			isa = XCRemoteSwiftPackageReference;
			repositoryURL = "https://github.com/okhanokbay/MapViewPlus.git";
			requirement = {
				kind = upToNextMajorVersion;
				minimumVersion = 0.1.3;
			};
		};
/* End XCRemoteSwiftPackageReference section */

/* Begin XCVersionGroup section */
		ED27111E2AD845B90099407D /* VTB_App.xcdatamodeld */ = {
			isa = XCVersionGroup;
			children = (
				ED27111F2AD845B90099407D /* VTB_App.xcdatamodel */,
			);
			currentVersion = ED27111F2AD845B90099407D /* VTB_App.xcdatamodel */;
			path = VTB_App.xcdatamodeld;
			sourceTree = "<group>";
			versionGroupType = wrapper.xcdatamodel;
		};
/* End XCVersionGroup section */
	};
	rootObject = ED27110A2AD845B90099407D /* Project object */;
}
